
Microsoft Visual Studio Solution File, Format Version 12.00
# Visual Studio Version 17
VisualStudioVersion = 17.2.32630.192
MinimumVisualStudioVersion = 10.0.40219.1
Project("{803FD0C6-D64E-4E16-9DC3-1DAEC859A3D2}") = "haptic-volume-knob", "haptic-volume-knob.vgdbproj", "{60BA6B51-4DB3-40B8-A21A-F7EFAC5774CF}"
EndProject
Global
	GlobalSection(SolutionConfigurationPlatforms) = preSolution
		Debug|VisualGDB = Debug|VisualGDB
		Release|VisualGDB = Release|VisualGDB
	EndGlobalSection
	GlobalSection(ProjectConfigurationPlatforms) = postSolution
		{60BA6B51-4DB3-40B8-A21A-F7EFAC5774CF}.Debug|VisualGDB.ActiveCfg = Debug|VisualGDB
		{60BA6B51-4DB3-40B8-A21A-F7EFAC5774CF}.Debug|VisualGDB.Build.0 = Debug|VisualGDB
		{60BA6B51-4DB3-40B8-A21A-F7EFAC5774CF}.Release|VisualGDB.ActiveCfg = Release|VisualGDB
		{60BA6B51-4DB3-40B8-A21A-F7EFAC5774CF}.Release|VisualGDB.Build.0 = Release|VisualGDB
	EndGlobalSection
	GlobalSection(SolutionProperties) = preSolution
		HideSolutionNode = FALSE
	EndGlobalSection
	GlobalSection(ExtensibilityGlobals) = postSolution
		SolutionGuid = {9622C03A-69BE-4A85-9318-4FB356F0F877}
	EndGlobalSection
EndGlobal
